// !$*UTF8*$!
{
	archiveVersion = 1;
	classes = {
	};
	objectVersion = 50;
	objects = {

/* Begin PBXBuildFile section */
		84149F5424A16A560028CAF4 /* CategoryViewController.swift in Sources */ = {isa = PBXBuildFile; fileRef = 844BA19C24A038960013313B /* CategoryViewController.swift */; };
		84149F5524A17C4C0028CAF4 /* NoteListViewController.swift in Sources */ = {isa = PBXBuildFile; fileRef = 84149F5224A169BE0028CAF4 /* NoteListViewController.swift */; };
		84149F5724A189170028CAF4 /* MoveNotesViewController.swift in Sources */ = {isa = PBXBuildFile; fileRef = 84149F5624A189170028CAF4 /* MoveNotesViewController.swift */; };
		84149F5924A189560028CAF4 /* NoteViewController.swift in Sources */ = {isa = PBXBuildFile; fileRef = 84149F5824A189560028CAF4 /* NoteViewController.swift */; };
		84149F5B24A1898A0028CAF4 /* MapViewController.swift in Sources */ = {isa = PBXBuildFile; fileRef = 84149F5A24A1898A0028CAF4 /* MapViewController.swift */; };
		844BA1A224A068810013313B /* CategoryCell.swift in Sources */ = {isa = PBXBuildFile; fileRef = 844BA19A24A037DC0013313B /* CategoryCell.swift */; };
		903077F7249ED81000A301E0 /* Note.swift in Sources */ = {isa = PBXBuildFile; fileRef = 903077F6249ED81000A301E0 /* Note.swift */; };
		903077F9249ED82A00A301E0 /* NotesHelper.swift in Sources */ = {isa = PBXBuildFile; fileRef = 903077F8249ED82A00A301E0 /* NotesHelper.swift */; };
		904435AC2497ED46009B9067 /* AppDelegate.swift in Sources */ = {isa = PBXBuildFile; fileRef = 904435AB2497ED46009B9067 /* AppDelegate.swift */; };
		904435AE2497ED46009B9067 /* SceneDelegate.swift in Sources */ = {isa = PBXBuildFile; fileRef = 904435AD2497ED46009B9067 /* SceneDelegate.swift */; };
		904435B32497ED46009B9067 /* Main.storyboard in Resources */ = {isa = PBXBuildFile; fileRef = 904435B12497ED46009B9067 /* Main.storyboard */; };
		904435B62497ED46009B9067 /* Note_WeThree.xcdatamodeld in Sources */ = {isa = PBXBuildFile; fileRef = 904435B42497ED46009B9067 /* Note_WeThree.xcdatamodeld */; };
		904435B82497ED47009B9067 /* Assets.xcassets in Resources */ = {isa = PBXBuildFile; fileRef = 904435B72497ED47009B9067 /* Assets.xcassets */; };
		904435BB2497ED47009B9067 /* LaunchScreen.storyboard in Resources */ = {isa = PBXBuildFile; fileRef = 904435B92497ED47009B9067 /* LaunchScreen.storyboard */; };
/* End PBXBuildFile section */

/* Begin PBXFileReference section */
		84149F5224A169BE0028CAF4 /* NoteListViewController.swift */ = {isa = PBXFileReference; lastKnownFileType = sourcecode.swift; path = NoteListViewController.swift; sourceTree = "<group>"; };
		84149F5624A189170028CAF4 /* MoveNotesViewController.swift */ = {isa = PBXFileReference; lastKnownFileType = sourcecode.swift; path = MoveNotesViewController.swift; sourceTree = "<group>"; };
		84149F5824A189560028CAF4 /* NoteViewController.swift */ = {isa = PBXFileReference; lastKnownFileType = sourcecode.swift; path = NoteViewController.swift; sourceTree = "<group>"; };
		84149F5A24A1898A0028CAF4 /* MapViewController.swift */ = {isa = PBXFileReference; lastKnownFileType = sourcecode.swift; path = MapViewController.swift; sourceTree = "<group>"; };
		844BA19A24A037DC0013313B /* CategoryCell.swift */ = {isa = PBXFileReference; lastKnownFileType = sourcecode.swift; path = CategoryCell.swift; sourceTree = "<group>"; };
		844BA19C24A038960013313B /* CategoryViewController.swift */ = {isa = PBXFileReference; lastKnownFileType = sourcecode.swift; path = CategoryViewController.swift; sourceTree = "<group>"; };
		903077F6249ED81000A301E0 /* Note.swift */ = {isa = PBXFileReference; fileEncoding = 4; lastKnownFileType = sourcecode.swift; path = Note.swift; sourceTree = "<group>"; };
		903077F8249ED82A00A301E0 /* NotesHelper.swift */ = {isa = PBXFileReference; fileEncoding = 4; lastKnownFileType = sourcecode.swift; path = NotesHelper.swift; sourceTree = "<group>"; };
		904435A82497ED46009B9067 /* Note_WeThree.app */ = {isa = PBXFileReference; explicitFileType = wrapper.application; includeInIndex = 0; path = Note_WeThree.app; sourceTree = BUILT_PRODUCTS_DIR; };
		904435AB2497ED46009B9067 /* AppDelegate.swift */ = {isa = PBXFileReference; lastKnownFileType = sourcecode.swift; path = AppDelegate.swift; sourceTree = "<group>"; };
		904435AD2497ED46009B9067 /* SceneDelegate.swift */ = {isa = PBXFileReference; lastKnownFileType = sourcecode.swift; path = SceneDelegate.swift; sourceTree = "<group>"; };
		904435B22497ED46009B9067 /* Base */ = {isa = PBXFileReference; lastKnownFileType = file.storyboard; name = Base; path = Base.lproj/Main.storyboard; sourceTree = "<group>"; };
		904435B52497ED46009B9067 /* Note_WeThree.xcdatamodel */ = {isa = PBXFileReference; lastKnownFileType = wrapper.xcdatamodel; path = Note_WeThree.xcdatamodel; sourceTree = "<group>"; };
		904435B72497ED47009B9067 /* Assets.xcassets */ = {isa = PBXFileReference; lastKnownFileType = folder.assetcatalog; path = Assets.xcassets; sourceTree = "<group>"; };
		904435BA2497ED47009B9067 /* Base */ = {isa = PBXFileReference; lastKnownFileType = file.storyboard; name = Base; path = Base.lproj/LaunchScreen.storyboard; sourceTree = "<group>"; };
		904435BC2497ED47009B9067 /* Info.plist */ = {isa = PBXFileReference; lastKnownFileType = text.plist.xml; path = Info.plist; sourceTree = "<group>"; };
/* End PBXFileReference section */

/* Begin PBXFrameworksBuildPhase section */
		904435A52497ED46009B9067 /* Frameworks */ = {
			isa = PBXFrameworksBuildPhase;
			buildActionMask = 2147483647;
			files = (
			);
			runOnlyForDeploymentPostprocessing = 0;
		};
/* End PBXFrameworksBuildPhase section */

/* Begin PBXGroup section */
		844BA19E24A039A20013313B /* View Controllers */ = {
			isa = PBXGroup;
			children = (
				84149F5224A169BE0028CAF4 /* NoteListViewController.swift */,
				844BA19C24A038960013313B /* CategoryViewController.swift */,
				84149F5624A189170028CAF4 /* MoveNotesViewController.swift */,
				84149F5824A189560028CAF4 /* NoteViewController.swift */,
				84149F5A24A1898A0028CAF4 /* MapViewController.swift */,
			);
			path = "View Controllers";
			sourceTree = "<group>";
		};
		844BA19F24A039BD0013313B /* Models */ = {
			isa = PBXGroup;
			children = (
				844BA19A24A037DC0013313B /* CategoryCell.swift */,
			);
			path = Models;
			sourceTree = "<group>";
		};
		844BA1A024A039CF0013313B /* Views */ = {
			isa = PBXGroup;
			children = (
				904435B12497ED46009B9067 /* Main.storyboard */,
				904435B92497ED47009B9067 /* LaunchScreen.storyboard */,
			);
			path = Views;
			sourceTree = "<group>";
		};
		90078CCD24A021EC00676164 /* Data_Handler */ = {
			isa = PBXGroup;
			children = (
				904435B42497ED46009B9067 /* Note_WeThree.xcdatamodeld */,
				903077F6249ED81000A301E0 /* Note.swift */,
				903077F8249ED82A00A301E0 /* NotesHelper.swift */,
			);
			path = Data_Handler;
			sourceTree = "<group>";
		};
		9044359F2497ED46009B9067 = {
			isa = PBXGroup;
			children = (
				904435AA2497ED46009B9067 /* Note_WeThree */,
				904435A92497ED46009B9067 /* Products */,
			);
			sourceTree = "<group>";
		};
		904435A92497ED46009B9067 /* Products */ = {
			isa = PBXGroup;
			children = (
				904435A82497ED46009B9067 /* Note_WeThree.app */,
			);
			name = Products;
			sourceTree = "<group>";
		};
		904435AA2497ED46009B9067 /* Note_WeThree */ = {
			isa = PBXGroup;
			children = (
				844BA1A024A039CF0013313B /* Views */,
				844BA19F24A039BD0013313B /* Models */,
				904435AB2497ED46009B9067 /* AppDelegate.swift */,
				904435AD2497ED46009B9067 /* SceneDelegate.swift */,
				904435B72497ED47009B9067 /* Assets.xcassets */,
				904435BC2497ED47009B9067 /* Info.plist */,
				90078CCD24A021EC00676164 /* Data_Handler */,
				844BA19E24A039A20013313B /* View Controllers */,
			);
			path = Note_WeThree;
			sourceTree = "<group>";
		};
/* End PBXGroup section */

/* Begin PBXNativeTarget section */
		904435A72497ED46009B9067 /* Note_WeThree */ = {
			isa = PBXNativeTarget;
			buildConfigurationList = 904435BF2497ED47009B9067 /* Build configuration list for PBXNativeTarget "Note_WeThree" */;
			buildPhases = (
				904435A42497ED46009B9067 /* Sources */,
				904435A52497ED46009B9067 /* Frameworks */,
				904435A62497ED46009B9067 /* Resources */,
			);
			buildRules = (
			);
			dependencies = (
			);
			name = Note_WeThree;
			productName = Note_WeThree;
			productReference = 904435A82497ED46009B9067 /* Note_WeThree.app */;
			productType = "com.apple.product-type.application";
		};
/* End PBXNativeTarget section */

/* Begin PBXProject section */
		904435A02497ED46009B9067 /* Project object */ = {
			isa = PBXProject;
			attributes = {
				LastSwiftUpdateCheck = 1150;
				LastUpgradeCheck = 1150;
				ORGANIZATIONNAME = "Chaitanya Sanoriya";
				TargetAttributes = {
					904435A72497ED46009B9067 = {
						CreatedOnToolsVersion = 11.5;
					};
				};
			};
			buildConfigurationList = 904435A32497ED46009B9067 /* Build configuration list for PBXProject "Note_WeThree" */;
			compatibilityVersion = "Xcode 9.3";
			developmentRegion = en;
			hasScannedForEncodings = 0;
			knownRegions = (
				en,
				Base,
			);
			mainGroup = 9044359F2497ED46009B9067;
			productRefGroup = 904435A92497ED46009B9067 /* Products */;
			projectDirPath = "";
			projectRoot = "";
			targets = (
				904435A72497ED46009B9067 /* Note_WeThree */,
			);
		};
/* End PBXProject section */

/* Begin PBXResourcesBuildPhase section */
		904435A62497ED46009B9067 /* Resources */ = {
			isa = PBXResourcesBuildPhase;
			buildActionMask = 2147483647;
			files = (
				904435BB2497ED47009B9067 /* LaunchScreen.storyboard in Resources */,
				904435B82497ED47009B9067 /* Assets.xcassets in Resources */,
				904435B32497ED46009B9067 /* Main.storyboard in Resources */,
			);
			runOnlyForDeploymentPostprocessing = 0;
		};
/* End PBXResourcesBuildPhase section */

/* Begin PBXSourcesBuildPhase section */
		904435A42497ED46009B9067 /* Sources */ = {
			isa = PBXSourcesBuildPhase;
			buildActionMask = 2147483647;
			files = (
				84149F5B24A1898A0028CAF4 /* MapViewController.swift in Sources */,
				84149F5524A17C4C0028CAF4 /* NoteListViewController.swift in Sources */,
				903077F9249ED82A00A301E0 /* NotesHelper.swift in Sources */,
				904435AC2497ED46009B9067 /* AppDelegate.swift in Sources */,
				844BA1A224A068810013313B /* CategoryCell.swift in Sources */,
				84149F5424A16A560028CAF4 /* CategoryViewController.swift in Sources */,
				904435B62497ED46009B9067 /* Note_WeThree.xcdatamodeld in Sources */,
				84149F5724A189170028CAF4 /* MoveNotesViewController.swift in Sources */,
				904435AE2497ED46009B9067 /* SceneDelegate.swift in Sources */,
				84149F5924A189560028CAF4 /* NoteViewController.swift in Sources */,
				903077F7249ED81000A301E0 /* Note.swift in Sources */,
			);
			runOnlyForDeploymentPostprocessing = 0;
		};
/* End PBXSourcesBuildPhase section */

/* Begin PBXVariantGroup section */
		904435B12497ED46009B9067 /* Main.storyboard */ = {
			isa = PBXVariantGroup;
			children = (
				904435B22497ED46009B9067 /* Base */,
			);
			name = Main.storyboard;
			sourceTree = "<group>";
		};
		904435B92497ED47009B9067 /* LaunchScreen.storyboard */ = {
			isa = PBXVariantGroup;
			children = (
				904435BA2497ED47009B9067 /* Base */,
			);
			name = LaunchScreen.storyboard;
			sourceTree = "<group>";
		};
/* End PBXVariantGroup section */

/* Begin XCBuildConfiguration section */
		904435BD2497ED47009B9067 /* Debug */ = {
			isa = XCBuildConfiguration;
			buildSettings = {
				ALWAYS_SEARCH_USER_PATHS = NO;
				CLANG_ANALYZER_NONNULL = YES;
				CLANG_ANALYZER_NUMBER_OBJECT_CONVERSION = YES_AGGRESSIVE;
				CLANG_CXX_LANGUAGE_STANDARD = "gnu++14";
				CLANG_CXX_LIBRARY = "libc++";
				CLANG_ENABLE_MODULES = YES;
				CLANG_ENABLE_OBJC_ARC = YES;
				CLANG_ENABLE_OBJC_WEAK = YES;
				CLANG_WARN_BLOCK_CAPTURE_AUTORELEASING = YES;
				CLANG_WARN_BOOL_CONVERSION = YES;
				CLANG_WARN_COMMA = YES;
				CLANG_WARN_CONSTANT_CONVERSION = YES;
				CLANG_WARN_DEPRECATED_OBJC_IMPLEMENTATIONS = YES;
				CLANG_WARN_DIRECT_OBJC_ISA_USAGE = YES_ERROR;
				CLANG_WARN_DOCUMENTATION_COMMENTS = YES;
				CLANG_WARN_EMPTY_BODY = YES;
				CLANG_WARN_ENUM_CONVERSION = YES;
				CLANG_WARN_INFINITE_RECURSION = YES;
				CLANG_WARN_INT_CONVERSION = YES;
				CLANG_WARN_NON_LITERAL_NULL_CONVERSION = YES;
				CLANG_WARN_OBJC_IMPLICIT_RETAIN_SELF = YES;
				CLANG_WARN_OBJC_LITERAL_CONVERSION = YES;
				CLANG_WARN_OBJC_ROOT_CLASS = YES_ERROR;
				CLANG_WARN_RANGE_LOOP_ANALYSIS = YES;
				CLANG_WARN_STRICT_PROTOTYPES = YES;
				CLANG_WARN_SUSPICIOUS_MOVE = YES;
				CLANG_WARN_UNGUARDED_AVAILABILITY = YES_AGGRESSIVE;
				CLANG_WARN_UNREACHABLE_CODE = YES;
				CLANG_WARN__DUPLICATE_METHOD_MATCH = YES;
				COPY_PHASE_STRIP = NO;
				DEBUG_INFORMATION_FORMAT = dwarf;
				ENABLE_STRICT_OBJC_MSGSEND = YES;
				ENABLE_TESTABILITY = YES;
				GCC_C_LANGUAGE_STANDARD = gnu11;
				GCC_DYNAMIC_NO_PIC = NO;
				GCC_NO_COMMON_BLOCKS = YES;
				GCC_OPTIMIZATION_LEVEL = 0;
				GCC_PREPROCESSOR_DEFINITIONS = (
					"DEBUG=1",
					"$(inherited)",
				);
				GCC_WARN_64_TO_32_BIT_CONVERSION = YES;
				GCC_WARN_ABOUT_RETURN_TYPE = YES_ERROR;
				GCC_WARN_UNDECLARED_SELECTOR = YES;
				GCC_WARN_UNINITIALIZED_AUTOS = YES_AGGRESSIVE;
				GCC_WARN_UNUSED_FUNCTION = YES;
				GCC_WARN_UNUSED_VARIABLE = YES;
				IPHONEOS_DEPLOYMENT_TARGET = 13.5;
				MTL_ENABLE_DEBUG_INFO = INCLUDE_SOURCE;
				MTL_FAST_MATH = YES;
				ONLY_ACTIVE_ARCH = YES;
				SDKROOT = iphoneos;
				SWIFT_ACTIVE_COMPILATION_CONDITIONS = DEBUG;
				SWIFT_OPTIMIZATION_LEVEL = "-Onone";
			};
			name = Debug;
		};
		904435BE2497ED47009B9067 /* Release */ = {
			isa = XCBuildConfiguration;
			buildSettings = {
				ALWAYS_SEARCH_USER_PATHS = NO;
				CLANG_ANALYZER_NONNULL = YES;
				CLANG_ANALYZER_NUMBER_OBJECT_CONVERSION = YES_AGGRESSIVE;
				CLANG_CXX_LANGUAGE_STANDARD = "gnu++14";
				CLANG_CXX_LIBRARY = "libc++";
				CLANG_ENABLE_MODULES = YES;
				CLANG_ENABLE_OBJC_ARC = YES;
				CLANG_ENABLE_OBJC_WEAK = YES;
				CLANG_WARN_BLOCK_CAPTURE_AUTORELEASING = YES;
				CLANG_WARN_BOOL_CONVERSION = YES;
				CLANG_WARN_COMMA = YES;
				CLANG_WARN_CONSTANT_CONVERSION = YES;
				CLANG_WARN_DEPRECATED_OBJC_IMPLEMENTATIONS = YES;
				CLANG_WARN_DIRECT_OBJC_ISA_USAGE = YES_ERROR;
				CLANG_WARN_DOCUMENTATION_COMMENTS = YES;
				CLANG_WARN_EMPTY_BODY = YES;
				CLANG_WARN_ENUM_CONVERSION = YES;
				CLANG_WARN_INFINITE_RECURSION = YES;
				CLANG_WARN_INT_CONVERSION = YES;
				CLANG_WARN_NON_LITERAL_NULL_CONVERSION = YES;
				CLANG_WARN_OBJC_IMPLICIT_RETAIN_SELF = YES;
				CLANG_WARN_OBJC_LITERAL_CONVERSION = YES;
				CLANG_WARN_OBJC_ROOT_CLASS = YES_ERROR;
				CLANG_WARN_RANGE_LOOP_ANALYSIS = YES;
				CLANG_WARN_STRICT_PROTOTYPES = YES;
				CLANG_WARN_SUSPICIOUS_MOVE = YES;
				CLANG_WARN_UNGUARDED_AVAILABILITY = YES_AGGRESSIVE;
				CLANG_WARN_UNREACHABLE_CODE = YES;
				CLANG_WARN__DUPLICATE_METHOD_MATCH = YES;
				COPY_PHASE_STRIP = NO;
				DEBUG_INFORMATION_FORMAT = "dwarf-with-dsym";
				ENABLE_NS_ASSERTIONS = NO;
				ENABLE_STRICT_OBJC_MSGSEND = YES;
				GCC_C_LANGUAGE_STANDARD = gnu11;
				GCC_NO_COMMON_BLOCKS = YES;
				GCC_WARN_64_TO_32_BIT_CONVERSION = YES;
				GCC_WARN_ABOUT_RETURN_TYPE = YES_ERROR;
				GCC_WARN_UNDECLARED_SELECTOR = YES;
				GCC_WARN_UNINITIALIZED_AUTOS = YES_AGGRESSIVE;
				GCC_WARN_UNUSED_FUNCTION = YES;
				GCC_WARN_UNUSED_VARIABLE = YES;
				IPHONEOS_DEPLOYMENT_TARGET = 13.5;
				MTL_ENABLE_DEBUG_INFO = NO;
				MTL_FAST_MATH = YES;
				SDKROOT = iphoneos;
				SWIFT_COMPILATION_MODE = wholemodule;
				SWIFT_OPTIMIZATION_LEVEL = "-O";
				VALIDATE_PRODUCT = YES;
			};
			name = Release;
		};
		904435C02497ED47009B9067 /* Debug */ = {
			isa = XCBuildConfiguration;
			buildSettings = {
				ASSETCATALOG_COMPILER_APPICON_NAME = AppIcon;
				CODE_SIGN_STYLE = Automatic;
				DEVELOPMENT_TEAM = 86K6RKFVAU;
				INFOPLIST_FILE = Note_WeThree/Info.plist;
				LD_RUNPATH_SEARCH_PATHS = (
					"$(inherited)",
					"@executable_path/Frameworks",
				);
				PRODUCT_BUNDLE_IDENTIFIER = "chetu97.Note-WeThree";
				PRODUCT_NAME = "$(TARGET_NAME)";
				SWIFT_VERSION = 5.0;
				TARGETED_DEVICE_FAMILY = "1,2";
			};
			name = Debug;
		};
		904435C12497ED47009B9067 /* Release */ = {
			isa = XCBuildConfiguration;
			buildSettings = {
				ASSETCATALOG_COMPILER_APPICON_NAME = AppIcon;
				CODE_SIGN_STYLE = Automatic;
				DEVELOPMENT_TEAM = 86K6RKFVAU;
				INFOPLIST_FILE = Note_WeThree/Info.plist;
				LD_RUNPATH_SEARCH_PATHS = (
					"$(inherited)",
					"@executable_path/Frameworks",
				);
				PRODUCT_BUNDLE_IDENTIFIER = "chetu97.Note-WeThree";
				PRODUCT_NAME = "$(TARGET_NAME)";
				SWIFT_VERSION = 5.0;
				TARGETED_DEVICE_FAMILY = "1,2";
			};
			name = Release;
		};
/* End XCBuildConfiguration section */

/* Begin XCConfigurationList section */
		904435A32497ED46009B9067 /* Build configuration list for PBXProject "Note_WeThree" */ = {
			isa = XCConfigurationList;
			buildConfigurations = (
				904435BD2497ED47009B9067 /* Debug */,
				904435BE2497ED47009B9067 /* Release */,
			);
			defaultConfigurationIsVisible = 0;
			defaultConfigurationName = Release;
		};
		904435BF2497ED47009B9067 /* Build configuration list for PBXNativeTarget "Note_WeThree" */ = {
			isa = XCConfigurationList;
			buildConfigurations = (
				904435C02497ED47009B9067 /* Debug */,
				904435C12497ED47009B9067 /* Release */,
			);
			defaultConfigurationIsVisible = 0;
			defaultConfigurationName = Release;
		};
/* End XCConfigurationList section */

/* Begin XCVersionGroup section */
		904435B42497ED46009B9067 /* Note_WeThree.xcdatamodeld */ = {
			isa = XCVersionGroup;
			children = (
				904435B52497ED46009B9067 /* Note_WeThree.xcdatamodel */,
			);
			currentVersion = 904435B52497ED46009B9067 /* Note_WeThree.xcdatamodel */;
			path = Note_WeThree.xcdatamodeld;
			sourceTree = "<group>";
			versionGroupType = wrapper.xcdatamodel;
		};
/* End XCVersionGroup section */
	};
	rootObject = 904435A02497ED46009B9067 /* Project object */;
}
